
Microsoft Visual Studio Solution File, Format Version 12.00
# Visual Studio Version 17
VisualStudioVersion = 17.7.34031.279
MinimumVisualStudioVersion = 10.0.40219.1
Project("{8BC9CEB8-8B4A-11D0-8D11-00A0C91BC942}") = "2 zadanie", "2 zadanie\2 zadanie.vcxproj", "{050070C4-BC87-4109-88FE-DFEAD6A636A0}"
EndProject
Global
	GlobalSection(SolutionConfigurationPlatforms) = preSolution
		Debug|x64 = Debug|x64
		Debug|x86 = Debug|x86
		Release|x64 = Release|x64
		Release|x86 = Release|x86
	EndGlobalSection
	GlobalSection(ProjectConfigurationPlatforms) = postSolution
		{050070C4-BC87-4109-88FE-DFEAD6A636A0}.Debug|x64.ActiveCfg = Debug|x64
		{050070C4-BC87-4109-88FE-DFEAD6A636A0}.Debug|x64.Build.0 = Debug|x64
		{050070C4-BC87-4109-88FE-DFEAD6A636A0}.Debug|x86.ActiveCfg = Debug|Win32
		{050070C4-BC87-4109-88FE-DFEAD6A636A0}.Debug|x86.Build.0 = Debug|Win32
		{050070C4-BC87-4109-88FE-DFEAD6A636A0}.Release|x64.ActiveCfg = Release|x64
		{050070C4-BC87-4109-88FE-DFEAD6A636A0}.Release|x64.Build.0 = Release|x64
		{050070C4-BC87-4109-88FE-DFEAD6A636A0}.Release|x86.ActiveCfg = Release|Win32
		{050070C4-BC87-4109-88FE-DFEAD6A636A0}.Release|x86.Build.0 = Release|Win32
	EndGlobalSection
	GlobalSection(SolutionProperties) = preSolution
		HideSolutionNode = FALSE
	EndGlobalSection
	GlobalSection(ExtensibilityGlobals) = postSolution
		SolutionGuid = {EEB852B9-8F75-4C8A-8335-73429541AA10}
	EndGlobalSection
EndGlobal
